# generated by rye
# use `rye lock` or `rye sync` to update this lockfile
#
# last locked with the following flags:
#   pre: false
#   features: []
#   all-features: false
#   with-sources: false
#   generate-hashes: false
#   universal: false

-e file:.
annotated-types==0.7.0
    # via pydantic
aws-lambda-powertools==3.5.0
    # via bushevski-rent
certifi==2025.1.31
    # via requests
charset-normalizer==3.4.1
    # via requests
idna==3.10
    # via requests
jmespath==1.0.1
    # via aws-lambda-powertools
pydantic==2.10.6
    # via bushevski-rent
pydantic-core==2.27.2
    # via pydantic
requests==2.32.3
    # via stripe
stripe==11.5.0
    # via bushevski-rent
typing-extensions==4.12.2
    # via aws-lambda-powertools
    # via pydantic
    # via pydantic-core
    # via stripe
urllib3==2.3.0
    # via requests
